
Microsoft Visual Studio Solution File, Format Version 12.00
# Visual Studio 2013
VisualStudioVersion = 12.0.30723.0
MinimumVisualStudioVersion = 10.0.40219.1
Project("{FAE04EC0-301F-11D3-BF4B-00C04F79EFBC}") = "Mantex.LoadingControl", "Mantex.LoadingControl\Mantex.LoadingControl.csproj", "{D7D2854D-3F80-498A-8C74-FF45EAFC10AD}"
EndProject
Project("{FAE04EC0-301F-11D3-BF4B-00C04F79EFBC}") = "Mantex.LoadingControl.Tests", "Mantex.LoadingControl.Tests\Mantex.LoadingControl.Tests.csproj", "{EFB4E64C-45F6-438D-A678-7117A606235E}"
EndProject
Project("{FAE04EC0-301F-11D3-BF4B-00C04F79EFBC}") = "Mantex.ERP.Logic", "Mantex.ERP.Logic\Mantex.ERP.Logic.csproj", "{CBB47FED-BFD0-4ADB-AAC9-9C2F85A38146}"
EndProject
Project("{FAE04EC0-301F-11D3-BF4B-00C04F79EFBC}") = "Mantex.ERP.Data", "Mantex.ERP.Data\Mantex.ERP.Data.csproj", "{610EDA12-AFE4-4F58-8E40-E05ABE412377}"
EndProject
Project("{FAE04EC0-301F-11D3-BF4B-00C04F79EFBC}") = "Mantex.LDAP", "Mantex.LDAP\Mantex.LDAP.csproj", "{D0D3D8C4-A0CD-414C-841D-0C2A0FE292B5}"
EndProject
Global
	GlobalSection(SolutionConfigurationPlatforms) = preSolution
		Debug|Any CPU = Debug|Any CPU
		Release|Any CPU = Release|Any CPU
	EndGlobalSection
	GlobalSection(ProjectConfigurationPlatforms) = postSolution
		{D7D2854D-3F80-498A-8C74-FF45EAFC10AD}.Debug|Any CPU.ActiveCfg = Debug|Any CPU
		{D7D2854D-3F80-498A-8C74-FF45EAFC10AD}.Debug|Any CPU.Build.0 = Debug|Any CPU
		{D7D2854D-3F80-498A-8C74-FF45EAFC10AD}.Release|Any CPU.ActiveCfg = Release|Any CPU
		{D7D2854D-3F80-498A-8C74-FF45EAFC10AD}.Release|Any CPU.Build.0 = Release|Any CPU
		{EFB4E64C-45F6-438D-A678-7117A606235E}.Debug|Any CPU.ActiveCfg = Debug|Any CPU
		{EFB4E64C-45F6-438D-A678-7117A606235E}.Debug|Any CPU.Build.0 = Debug|Any CPU
		{EFB4E64C-45F6-438D-A678-7117A606235E}.Release|Any CPU.ActiveCfg = Release|Any CPU
		{EFB4E64C-45F6-438D-A678-7117A606235E}.Release|Any CPU.Build.0 = Release|Any CPU
		{CBB47FED-BFD0-4ADB-AAC9-9C2F85A38146}.Debug|Any CPU.ActiveCfg = Debug|Any CPU
		{CBB47FED-BFD0-4ADB-AAC9-9C2F85A38146}.Debug|Any CPU.Build.0 = Debug|Any CPU
		{CBB47FED-BFD0-4ADB-AAC9-9C2F85A38146}.Release|Any CPU.ActiveCfg = Release|Any CPU
		{CBB47FED-BFD0-4ADB-AAC9-9C2F85A38146}.Release|Any CPU.Build.0 = Release|Any CPU
		{610EDA12-AFE4-4F58-8E40-E05ABE412377}.Debug|Any CPU.ActiveCfg = Debug|Any CPU
		{610EDA12-AFE4-4F58-8E40-E05ABE412377}.Debug|Any CPU.Build.0 = Debug|Any CPU
		{610EDA12-AFE4-4F58-8E40-E05ABE412377}.Release|Any CPU.ActiveCfg = Release|Any CPU
		{610EDA12-AFE4-4F58-8E40-E05ABE412377}.Release|Any CPU.Build.0 = Release|Any CPU
		{D0D3D8C4-A0CD-414C-841D-0C2A0FE292B5}.Debug|Any CPU.ActiveCfg = Debug|Any CPU
		{D0D3D8C4-A0CD-414C-841D-0C2A0FE292B5}.Debug|Any CPU.Build.0 = Debug|Any CPU
		{D0D3D8C4-A0CD-414C-841D-0C2A0FE292B5}.Release|Any CPU.ActiveCfg = Release|Any CPU
		{D0D3D8C4-A0CD-414C-841D-0C2A0FE292B5}.Release|Any CPU.Build.0 = Release|Any CPU
	EndGlobalSection
	GlobalSection(SolutionProperties) = preSolution
		HideSolutionNode = FALSE
	EndGlobalSection
EndGlobal
